
Microsoft Visual Studio Solution File, Format Version 12.00
# Visual Studio 15
VisualStudioVersion = 15.0.26124.0
MinimumVisualStudioVersion = 15.0.26124.0
Project("{2150E333-8FDC-42A3-9474-1A3956D46DE8}") = "src", "src", "{CD72E050-8EB6-11E8-84BC-51625AB4574F}"
EndProject
Project("{2150E333-8FDC-42A3-9474-1A3956D46DE8}") = "Services", "Services", "{E01D9FB0-8EB6-11E8-84BC-51625AB4574F}"
EndProject
Project("{2150E333-8FDC-42A3-9474-1A3956D46DE8}") = "Web", "Web", "{E968ED40-8EB6-11E8-84BC-51625AB4574F}"
EndProject
Project("{FAE04EC0-301F-11D3-BF4B-00C04F79EFBC}") = "ProductCatalogApi", "src\Services\ProductCatalogApi\ProductCatalogApi.csproj", "{46C9FE23-F92A-49CB-B756-2325C31B53FB}"
EndProject
Global
	GlobalSection(SolutionConfigurationPlatforms) = preSolution
		Debug|Any CPU = Debug|Any CPU
		Debug|x64 = Debug|x64
		Debug|x86 = Debug|x86
		Release|Any CPU = Release|Any CPU
		Release|x64 = Release|x64
		Release|x86 = Release|x86
	EndGlobalSection
	GlobalSection(SolutionProperties) = preSolution
		HideSolutionNode = FALSE
	EndGlobalSection
	GlobalSection(NestedProjects) = preSolution
		{E968ED40-8EB6-11E8-84BC-51625AB4574F} = {CD72E050-8EB6-11E8-84BC-51625AB4574F}
		{E01D9FB0-8EB6-11E8-84BC-51625AB4574F} = {CD72E050-8EB6-11E8-84BC-51625AB4574F}
		{46C9FE23-F92A-49CB-B756-2325C31B53FB} = {E01D9FB0-8EB6-11E8-84BC-51625AB4574F}
	EndGlobalSection
	GlobalSection(ProjectConfigurationPlatforms) = postSolution
		{46C9FE23-F92A-49CB-B756-2325C31B53FB}.Debug|Any CPU.ActiveCfg = Debug|Any CPU
		{46C9FE23-F92A-49CB-B756-2325C31B53FB}.Debug|Any CPU.Build.0 = Debug|Any CPU
		{46C9FE23-F92A-49CB-B756-2325C31B53FB}.Debug|x64.ActiveCfg = Debug|Any CPU
		{46C9FE23-F92A-49CB-B756-2325C31B53FB}.Debug|x64.Build.0 = Debug|Any CPU
		{46C9FE23-F92A-49CB-B756-2325C31B53FB}.Debug|x86.ActiveCfg = Debug|Any CPU
		{46C9FE23-F92A-49CB-B756-2325C31B53FB}.Debug|x86.Build.0 = Debug|Any CPU
		{46C9FE23-F92A-49CB-B756-2325C31B53FB}.Release|Any CPU.ActiveCfg = Release|Any CPU
		{46C9FE23-F92A-49CB-B756-2325C31B53FB}.Release|Any CPU.Build.0 = Release|Any CPU
		{46C9FE23-F92A-49CB-B756-2325C31B53FB}.Release|x64.ActiveCfg = Release|Any CPU
		{46C9FE23-F92A-49CB-B756-2325C31B53FB}.Release|x64.Build.0 = Release|Any CPU
		{46C9FE23-F92A-49CB-B756-2325C31B53FB}.Release|x86.ActiveCfg = Release|Any CPU
		{46C9FE23-F92A-49CB-B756-2325C31B53FB}.Release|x86.Build.0 = Release|Any CPU
	EndGlobalSection
EndGlobal
